
Microsoft Visual Studio Solution File, Format Version 12.00
# Visual Studio 15
VisualStudioVersion = 15.0.26228.10
MinimumVisualStudioVersion = 10.0.40219.1
Project("{FAE04EC0-301F-11D3-BF4B-00C04F79EFBC}") = "MySuperMarket", "MySuperMarket\MySuperMarket.csproj", "{46C5B9C3-3690-4894-A4A5-F9E602B90E61}"
EndProject
Project("{FAE04EC0-301F-11D3-BF4B-00C04F79EFBC}") = "MySuperMarketTesting", "UnitTestProject1\MySuperMarketTesting.csproj", "{B30127C5-B5E0-486D-BC04-6177B6EF1C42}"
EndProject
Global
	GlobalSection(SolutionConfigurationPlatforms) = preSolution
		Debug|Any CPU = Debug|Any CPU
		Release|Any CPU = Release|Any CPU
	EndGlobalSection
	GlobalSection(ProjectConfigurationPlatforms) = postSolution
		{46C5B9C3-3690-4894-A4A5-F9E602B90E61}.Debug|Any CPU.ActiveCfg = Debug|Any CPU
		{46C5B9C3-3690-4894-A4A5-F9E602B90E61}.Debug|Any CPU.Build.0 = Debug|Any CPU
		{46C5B9C3-3690-4894-A4A5-F9E602B90E61}.Release|Any CPU.ActiveCfg = Release|Any CPU
		{46C5B9C3-3690-4894-A4A5-F9E602B90E61}.Release|Any CPU.Build.0 = Release|Any CPU
		{B30127C5-B5E0-486D-BC04-6177B6EF1C42}.Debug|Any CPU.ActiveCfg = Debug|Any CPU
		{B30127C5-B5E0-486D-BC04-6177B6EF1C42}.Debug|Any CPU.Build.0 = Debug|Any CPU
		{B30127C5-B5E0-486D-BC04-6177B6EF1C42}.Release|Any CPU.ActiveCfg = Release|Any CPU
		{B30127C5-B5E0-486D-BC04-6177B6EF1C42}.Release|Any CPU.Build.0 = Release|Any CPU
	EndGlobalSection
	GlobalSection(SolutionProperties) = preSolution
		HideSolutionNode = FALSE
	EndGlobalSection
EndGlobal
